github.com/Lambels/wsroom v0.0.0-20210822174729-94732942e554 h1:Arz3nA5Z0UiFEfMsQxGLTIX7Nfnd1qgDvAH/tGZpq8E=
github.com/Lambels/wsroom v0.0.0-20210822174729-94732942e554/go.mod h1:BO7OYkU4vpAi8hIhmybrfCHQq1RySzIqsStKo2sd5KY=
github.com/Lambels/wsroom v0.0.0-20210828053834-1fbca8a55677 h1:xnEn3g47ve0lz6W+i0WbrJj50pq66mb/EkV6LxOOnyA=
github.com/Lambels/wsroom v0.0.0-20210828053834-1fbca8a55677/go.mod h1:BO7OYkU4vpAi8hIhmybrfCHQq1RySzIqsStKo2sd5KY=
github.com/Lambels/wsroom v0.0.0-20210828054502-1e2f4fdeab33 h1:WuwHCSIhjTtKsn82APd1yuiprjbSDsYcnLiJw3t0EMc=
github.com/Lambels/wsroom v0.0.0-20210828054502-1e2f4fdeab33/go.mod h1:BO7OYkU4vpAi8hIhmybrfCHQq1RySzIqsStKo2sd5KY=
github.com/Lambels/wsroom v0.0.0-20210828152131-a83bd7c52be5 h1:QZnBMOV81bykgJpaDrJhZoU95iigaMegiTf8dLXF7Zc=
github.com/Lambels/wsroom v0.0.0-20210828152131-a83bd7c52be5/go.mod h1:BO7OYkU4vpAi8hIhmybrfCHQq1RySzIqsStKo2sd5KY=
github.com/Lambels/wsroom v0.0.0-20210829104639-6ec0c22ec27f h1:BYyyk7m8HSKvFA7aCDbO4hjxAPaNTbOLVzysExVC39k=
github.com/Lambels/wsroom v0.0.0-20210829104639-6ec0c22ec27f/go.mod h1:BO7OYkU4vpAi8hIhmybrfCHQq1RySzIqsStKo2sd5KY=
github.com/Lambels/wsroom v1.0.1-0.20210912072130-aa5aa0e2306a h1:u8e6lY70qW8L3YJt8CBkYsnatLc5U/kiSZS9rSQElbs=
github.com/Lambels/wsroom v1.0.1-0.20210912072130-aa5aa0e2306a/go.mod h1:+L+vheXhzD+j/AaGcPZrlD7XZY/HWxva2jSw8CqPEIc=
github.com/Lambels/wsroom v1.0.1-0.20210912082529-dd8822c9be04 h1:q8cyf2i4v0r4/a5oRWigZ1avwaMa2svnuTrx+BKA2oc=
github.com/Lambels/wsroom v1.0.1-0.20210912082529-dd8822c9be04/go.mod h1:+L+vheXhzD+j/AaGcPZrlD7XZY/HWxva2jSw8CqPEIc=
github.com/Lambels/wsroom v1.0.1-0.20210913144123-c1d8e113d063 h1:Z/wk0vNeCY1ATPgxIexVBD/Q0knIQrwz2Xcdfwgzg+g=
github.com/Lambels/wsroom v1.0.1-0.20210913144123-c1d8e113d063/go.mod h1:+L+vheXhzD+j/AaGcPZrlD7XZY/HWxva2jSw8CqPEIc=
github.com/Lambels/wsroom v1.0.2-0.20210914161135-26550470237d h1:6Twe3RnkSsFeJxTUFySushsc2q2aOgPp8Pm4iGqcfqA=
github.com/Lambels/wsroom v1.0.2-0.20210914161135-26550470237d/go.mod h1:+L+vheXhzD+j/AaGcPZrlD7XZY/HWxva2jSw8CqPEIc=
github.com/Lambels/wsroom v1.0.2-0.20210914181352-414f0266207d h1:WFwPMTb/8ClBKqpL4DOxQyHhtv04oTfL/TbLkgggGG0=
github.com/Lambels/wsroom v1.0.2-0.20210914181352-414f0266207d/go.mod h1:+L+vheXhzD+j/AaGcPZrlD7XZY/HWxva2jSw8CqPEIc=
github.com/Lambels/wsroom v1.0.2-0.20210916084950-116d15e82c9c h1:BTgcxKSpNGyn8D2Vrq2S1Y97ONQWHSutZ1qA70isNlM=
github.com/Lambels/wsroom v1.0.2-0.20210916084950-116d15e82c9c/go.mod h1:+L+vheXhzD+j/AaGcPZrlD7XZY/HWxva2jSw8CqPEIc=
github.com/Lambels/wsroom v1.0.2-0.20210919070729-bcad2d1e4710 h1:fkSLZxSPQVKkG45ghrCUKqnvLcB1i62EQdvVG9jg5sI=
github.com/Lambels/wsroom v1.0.2-0.20210919070729-bcad2d1e4710/go.mod h1:+L+vheXhzD+j/AaGcPZrlD7XZY/HWxva2jSw8CqPEIc=
github.com/go-sql-driver/mysql v1.6.0/go.mod h1:DCzpHaOWr8IXmIStZouvnhqoel9Qv2LBy8hT2VhHyBg=
github.com/google/uuid v1.3.0 h1:t6JiXgmwXMjEs8VusXIJk2BXHsn+wx8BZdTaoZ5fu7I=
github.com/google/uuid v1.3.0/go.mod h1:TIyPZe4MgqvfeYDBFedMoGGpEw/LqOeaOT+nhxU+yHo=
github.com/gorilla/websocket v1.4.2 h1:+/TMaTYc4QFitKJxsQ7Yye35DkWvkdLcvGKqM+x0Ufc=
github.com/gorilla/websocket v1.4.2/go.mod h1:YR8l580nyteQvAITg2hZ9XVh4b55+EU/adAjf1fMHhE=
github.com/patrickmn/go-cache v2.1.0+incompatible/go.mod h1:3Qf8kWWT7OJRJbdiICTKqZju1ZixQ/KpMGzzAfe6+WQ=
github.com/pkg/errors v0.9.1 h1:FEBLx1zS214owpjy7qsBeixbURkuhQAwrK5UwLGTwt4=
github.com/pkg/errors v0.9.1/go.mod h1:bwawxfHBFNV+L2hUp1rHADufV3IMtnDRdf1r5NINEl0=
