github.com/Lambels/wsroom v1.0.0 h1:H8Rd2qEa+WA9Qu3J36aZtUv1FvyL+riz/Esmsw6+GvM=
github.com/Lambels/wsroom v1.0.0/go.mod h1:BO7OYkU4vpAi8hIhmybrfCHQq1RySzIqsStKo2sd5KY=
github.com/Lambels/wsroom v1.0.1-0.20210906143919-41a652c36fb9 h1:/Cf8he5xmjfnfY2ZCGid8viK7sK12mzMDHRmTP6lx5s=
github.com/Lambels/wsroom v1.0.1-0.20210906143919-41a652c36fb9/go.mod h1:+L+vheXhzD+j/AaGcPZrlD7XZY/HWxva2jSw8CqPEIc=
github.com/Lambels/wsroom v1.0.1-0.20210906153148-4c72afac1675 h1:aJIqgDCzgI2OtqRtfqAJ7+xVj2ZBNLj/fWO4YNoggCw=
github.com/Lambels/wsroom v1.0.1-0.20210906153148-4c72afac1675/go.mod h1:+L+vheXhzD+j/AaGcPZrlD7XZY/HWxva2jSw8CqPEIc=
github.com/Lambels/wsroom v1.0.1-0.20210906155452-fab5e533ba33 h1:fn7OShhS3dYYTD0VMXyJhB5G7j8IcnZuWH9cnAua//k=
github.com/Lambels/wsroom v1.0.1-0.20210906155452-fab5e533ba33/go.mod h1:+L+vheXhzD+j/AaGcPZrlD7XZY/HWxva2jSw8CqPEIc=
github.com/Lambels/wsroom v1.0.1-0.20210906155701-e180b0828dd2 h1:rs+1s0DbSkkQrk9ENzxWctol1w9zxuhLMK6lUXNEjJY=
github.com/Lambels/wsroom v1.0.1-0.20210906155701-e180b0828dd2/go.mod h1:+L+vheXhzD+j/AaGcPZrlD7XZY/HWxva2jSw8CqPEIc=
github.com/Lambels/wsroom v1.0.1-0.20210906155824-061c40579c7e h1:G5NsGtS92wKSeUq/j2ZIiju48YoSq0mQ2zFeHsSU7Ss=
github.com/Lambels/wsroom v1.0.1-0.20210906155824-061c40579c7e/go.mod h1:+L+vheXhzD+j/AaGcPZrlD7XZY/HWxva2jSw8CqPEIc=
github.com/Lambels/wsroom v1.0.1-0.20210906160049-d8c62f8203fb h1:GakP7GAOOTUjxzMb5uvfAfqzy97tyloDmi9kVQ3INRg=
github.com/Lambels/wsroom v1.0.1-0.20210906160049-d8c62f8203fb/go.mod h1:+L+vheXhzD+j/AaGcPZrlD7XZY/HWxva2jSw8CqPEIc=
github.com/Lambels/wsroom v1.0.1-0.20210907142330-7163ed8bc5e9 h1:p3ZzwW2ju+Od5eghW+6GRQoCypzp9ckMy1xglqJ8G/I=
github.com/Lambels/wsroom v1.0.1-0.20210907142330-7163ed8bc5e9/go.mod h1:+L+vheXhzD+j/AaGcPZrlD7XZY/HWxva2jSw8CqPEIc=
github.com/Lambels/wsroom v1.0.1-0.20210907142639-72866518ac91 h1:1EKW8+Ys8rserNHv7N5pEGUHqN1APrwwKRMyWAtZpOc=
github.com/Lambels/wsroom v1.0.1-0.20210907142639-72866518ac91/go.mod h1:+L+vheXhzD+j/AaGcPZrlD7XZY/HWxva2jSw8CqPEIc=
github.com/Lambels/wsroom v1.0.1-0.20210907143352-9c02cf249a0c h1:4qRmYZvYVvQedGkhZz+3FXVl95XjwRhR6//YFy2QbVc=
github.com/Lambels/wsroom v1.0.1-0.20210907143352-9c02cf249a0c/go.mod h1:+L+vheXhzD+j/AaGcPZrlD7XZY/HWxva2jSw8CqPEIc=
github.com/Lambels/wsroom v1.0.1-0.20210907143512-45d310cd9000 h1:O8A6vayOqN5vfeZSVUV5T3lsV15n6thC3w0Tofcu1SE=
github.com/Lambels/wsroom v1.0.1-0.20210907143512-45d310cd9000/go.mod h1:+L+vheXhzD+j/AaGcPZrlD7XZY/HWxva2jSw8CqPEIc=
github.com/Lambels/wsroom v1.0.1-0.20210907143707-200954ff7b05 h1:YnSj2jBMg5JDhekW5EN8AD5mDhfuaykKQFNNDY73uAs=
github.com/Lambels/wsroom v1.0.1-0.20210907143707-200954ff7b05/go.mod h1:+L+vheXhzD+j/AaGcPZrlD7XZY/HWxva2jSw8CqPEIc=
github.com/Lambels/wsroom v1.0.1-0.20210907151216-0897f80d6da5 h1:r2OmLY40onilghG9/ivDIc+Bgda3/Phwnhl2bzoUOIQ=
github.com/Lambels/wsroom v1.0.1-0.20210907151216-0897f80d6da5/go.mod h1:+L+vheXhzD+j/AaGcPZrlD7XZY/HWxva2jSw8CqPEIc=
github.com/Lambels/wsroom v1.0.1-0.20210907151619-dc9df6bdfeda h1:QZ9qY2VQdpkN17mq0oVQRkx4F+W1YPGewcQM/pH0O4g=
github.com/Lambels/wsroom v1.0.1-0.20210907151619-dc9df6bdfeda/go.mod h1:+L+vheXhzD+j/AaGcPZrlD7XZY/HWxva2jSw8CqPEIc=
github.com/Lambels/wsroom v1.0.1-0.20210907151829-f85f70b6b22f h1:HNx7izGeCtOnrOkNriFEjzgXEg5S4dV3a1JRL3NAn2o=
github.com/Lambels/wsroom v1.0.1-0.20210907151829-f85f70b6b22f/go.mod h1:+L+vheXhzD+j/AaGcPZrlD7XZY/HWxva2jSw8CqPEIc=
github.com/Lambels/wsroom v1.0.1-0.20210908142631-5781c96c237c h1:hFs7yCZrBqso16efPuO2mCb6DwIYw1CwJ1SX4NjPP+w=
github.com/Lambels/wsroom v1.0.1-0.20210908142631-5781c96c237c/go.mod h1:+L+vheXhzD+j/AaGcPZrlD7XZY/HWxva2jSw8CqPEIc=
github.com/Lambels/wsroom v1.0.1-0.20210908143922-d4d04379c3ad h1:jeoyUb4ofiSp9GVnTIQpjiEouiLu/K9Q56+KbS5gmM8=
github.com/Lambels/wsroom v1.0.1-0.20210908143922-d4d04379c3ad/go.mod h1:+L+vheXhzD+j/AaGcPZrlD7XZY/HWxva2jSw8CqPEIc=
github.com/Lambels/wsroom v1.0.1-0.20210908144343-39a85d0b2a6d h1:UGMow7ikqtS2NHAAQG3S+lf3mlIchPp1pXbH+kG/Xx0=
github.com/Lambels/wsroom v1.0.1-0.20210908144343-39a85d0b2a6d/go.mod h1:+L+vheXhzD+j/AaGcPZrlD7XZY/HWxva2jSw8CqPEIc=
github.com/Lambels/wsroom v1.0.1-0.20210908161355-4f9c511e6773 h1:eL9WMS9y8I6CqaRQdWMNghh8EIDoKttcc6K9NdZvvu0=
github.com/Lambels/wsroom v1.0.1-0.20210908161355-4f9c511e6773/go.mod h1:+L+vheXhzD+j/AaGcPZrlD7XZY/HWxva2jSw8CqPEIc=
github.com/Lambels/wsroom v1.0.1-0.20210908161613-441e5661a233 h1:yn3BD8dIjud9tDSSVlcE5KVU8Nnxuh0SK9/brLSqqoE=
github.com/Lambels/wsroom v1.0.1-0.20210908161613-441e5661a233/go.mod h1:+L+vheXhzD+j/AaGcPZrlD7XZY/HWxva2jSw8CqPEIc=
github.com/Lambels/wsroom v1.0.1-0.20210908162304-7f5a8d8fff0c h1:zyJEY3Hia/VwrQZRk7BP3vD+ANGyN/8Z8RwiNai8emM=
github.com/Lambels/wsroom v1.0.1-0.20210908162304-7f5a8d8fff0c/go.mod h1:+L+vheXhzD+j/AaGcPZrlD7XZY/HWxva2jSw8CqPEIc=
github.com/Lambels/wsroom v1.0.1-0.20210908163042-a0948564da70 h1:yVTIdKGFiMR8iv76vieS8KliWcQHecuCYhjSD5m+kZY=
github.com/Lambels/wsroom v1.0.1-0.20210908163042-a0948564da70/go.mod h1:+L+vheXhzD+j/AaGcPZrlD7XZY/HWxva2jSw8CqPEIc=
github.com/Lambels/wsroom v1.0.1-0.20210908163607-5e8edfa42385 h1:s1hNwzS2WSV37Vrgs39ZVNuTZ1JmXlyRRRco6yE+edA=
github.com/Lambels/wsroom v1.0.1-0.20210908163607-5e8edfa42385/go.mod h1:+L+vheXhzD+j/AaGcPZrlD7XZY/HWxva2jSw8CqPEIc=
github.com/Lambels/wsroom v1.0.1-0.20210908164513-2c4aeb17e7de h1:zgqwbRb0UunV3AnvJWfTIbWinrBs3HLGvDdcryazaTE=
github.com/Lambels/wsroom v1.0.1-0.20210908164513-2c4aeb17e7de/go.mod h1:+L+vheXhzD+j/AaGcPZrlD7XZY/HWxva2jSw8CqPEIc=
github.com/Lambels/wsroom v1.0.1-0.20210908171031-92ac2d3f77ac h1:yxkbOBD6r9CeGOJNZoOnxSD6aE2z2/56ERyEw8pkZQA=
github.com/Lambels/wsroom v1.0.1-0.20210908171031-92ac2d3f77ac/go.mod h1:+L+vheXhzD+j/AaGcPZrlD7XZY/HWxva2jSw8CqPEIc=
github.com/Lambels/wsroom v1.0.1-0.20210908171957-d587899272fd h1:sZxhoQUhl3ZUt0iyZJAGAShY29rVm6ORu9VHisyL7p8=
github.com/Lambels/wsroom v1.0.1-0.20210908171957-d587899272fd/go.mod h1:+L+vheXhzD+j/AaGcPZrlD7XZY/HWxva2jSw8CqPEIc=
github.com/Lambels/wsroom v1.0.1-0.20210908172240-08cb3e7ca387 h1:YwTPKbG8GOLNLYdq5/FdiVgWBOToK4ruFo1aJIAcNlg=
github.com/Lambels/wsroom v1.0.1-0.20210908172240-08cb3e7ca387/go.mod h1:+L+vheXhzD+j/AaGcPZrlD7XZY/HWxva2jSw8CqPEIc=
github.com/Lambels/wsroom v1.0.1-0.20210909071533-f9be4f5ebc7f h1:QL5fJ2pimmNKzKi9xvhGJEKYpg1iWc4607oIxQitkoo=
github.com/Lambels/wsroom v1.0.1-0.20210909071533-f9be4f5ebc7f/go.mod h1:+L+vheXhzD+j/AaGcPZrlD7XZY/HWxva2jSw8CqPEIc=
github.com/Lambels/wsroom v1.0.1-0.20210909072056-6dd758e04d60 h1:hTpH6j3ui6R/wr0bj1VhTYyB7U3nyemPokbD/brUxdg=
github.com/Lambels/wsroom v1.0.1-0.20210909072056-6dd758e04d60/go.mod h1:+L+vheXhzD+j/AaGcPZrlD7XZY/HWxva2jSw8CqPEIc=
github.com/Lambels/wsroom v1.0.1-0.20210909072520-737167e86160 h1:QiTLa/MoS8UVLVIQ74Qf5LtIstiUGll/zJ3IASjW+Bc=
github.com/Lambels/wsroom v1.0.1-0.20210909072520-737167e86160/go.mod h1:+L+vheXhzD+j/AaGcPZrlD7XZY/HWxva2jSw8CqPEIc=
github.com/Lambels/wsroom v1.0.1-0.20210912070254-d772f8ba349f h1:v6JpmHjFgFjcBTLw6XfxwHY05/ftMDaynhH+ua94I6c=
github.com/Lambels/wsroom v1.0.1-0.20210912070254-d772f8ba349f/go.mod h1:+L+vheXhzD+j/AaGcPZrlD7XZY/HWxva2jSw8CqPEIc=
github.com/Lambels/wsroom v1.0.1-0.20210912071449-7b84c1bfb7a7 h1:lFz+nmoFcaO3GYRRKjds35HpBXmWILt066bkEOtRrKg=
github.com/Lambels/wsroom v1.0.1-0.20210912071449-7b84c1bfb7a7/go.mod h1:+L+vheXhzD+j/AaGcPZrlD7XZY/HWxva2jSw8CqPEIc=
github.com/Lambels/wsroom v1.0.1-0.20210912082529-dd8822c9be04 h1:q8cyf2i4v0r4/a5oRWigZ1avwaMa2svnuTrx+BKA2oc=
github.com/Lambels/wsroom v1.0.1-0.20210912082529-dd8822c9be04/go.mod h1:+L+vheXhzD+j/AaGcPZrlD7XZY/HWxva2jSw8CqPEIc=
github.com/go-sql-driver/mysql v1.6.0 h1:BCTh4TKNUYmOmMUcQ3IipzF5prigylS7XXjEkfCHuOE=
github.com/go-sql-driver/mysql v1.6.0/go.mod h1:DCzpHaOWr8IXmIStZouvnhqoel9Qv2LBy8hT2VhHyBg=
github.com/google/uuid v1.3.0 h1:t6JiXgmwXMjEs8VusXIJk2BXHsn+wx8BZdTaoZ5fu7I=
github.com/google/uuid v1.3.0/go.mod h1:TIyPZe4MgqvfeYDBFedMoGGpEw/LqOeaOT+nhxU+yHo=
github.com/gorilla/websocket v1.4.2 h1:+/TMaTYc4QFitKJxsQ7Yye35DkWvkdLcvGKqM+x0Ufc=
github.com/gorilla/websocket v1.4.2/go.mod h1:YR8l580nyteQvAITg2hZ9XVh4b55+EU/adAjf1fMHhE=
github.com/patrickmn/go-cache v2.1.0+incompatible h1:HRMgzkcYKYpi3C8ajMPV8OFXaaRUnok+kx1WdO15EQc=
github.com/patrickmn/go-cache v2.1.0+incompatible/go.mod h1:3Qf8kWWT7OJRJbdiICTKqZju1ZixQ/KpMGzzAfe6+WQ=
github.com/pkg/errors v0.9.1 h1:FEBLx1zS214owpjy7qsBeixbURkuhQAwrK5UwLGTwt4=
github.com/pkg/errors v0.9.1/go.mod h1:bwawxfHBFNV+L2hUp1rHADufV3IMtnDRdf1r5NINEl0=
