github.com/Lambels/wsroom v1.0.1 h1:5inbngF1I7WQnuuDA8yquzuVqmPY1aIQjlIUvrc4T2w=
github.com/Lambels/wsroom v1.0.1/go.mod h1:+L+vheXhzD+j/AaGcPZrlD7XZY/HWxva2jSw8CqPEIc=
github.com/Lambels/wsroom v1.0.2 h1:NFL1gnjpaU8kyVvLe2PidQO4wBtLY3WLUGZGAyoSEYs=
github.com/Lambels/wsroom v1.0.2/go.mod h1:+L+vheXhzD+j/AaGcPZrlD7XZY/HWxva2jSw8CqPEIc=
github.com/go-sql-driver/mysql v1.6.0/go.mod h1:DCzpHaOWr8IXmIStZouvnhqoel9Qv2LBy8hT2VhHyBg=
github.com/google/uuid v1.3.0 h1:t6JiXgmwXMjEs8VusXIJk2BXHsn+wx8BZdTaoZ5fu7I=
github.com/google/uuid v1.3.0/go.mod h1:TIyPZe4MgqvfeYDBFedMoGGpEw/LqOeaOT+nhxU+yHo=
github.com/gorilla/websocket v1.4.2 h1:+/TMaTYc4QFitKJxsQ7Yye35DkWvkdLcvGKqM+x0Ufc=
github.com/gorilla/websocket v1.4.2/go.mod h1:YR8l580nyteQvAITg2hZ9XVh4b55+EU/adAjf1fMHhE=
github.com/patrickmn/go-cache v2.1.0+incompatible/go.mod h1:3Qf8kWWT7OJRJbdiICTKqZju1ZixQ/KpMGzzAfe6+WQ=
github.com/pkg/errors v0.9.1 h1:FEBLx1zS214owpjy7qsBeixbURkuhQAwrK5UwLGTwt4=
github.com/pkg/errors v0.9.1/go.mod h1:bwawxfHBFNV+L2hUp1rHADufV3IMtnDRdf1r5NINEl0=
